// !$*UTF8*$!
{
	archiveVersion = 1;
	classes = {
	};
	objectVersion = 46;
	objects = {

/* Begin PBXBuildFile section */
		A5A59DA01D0BBDD8007D1D99 /* AppDelegate.swift in Sources */ = {isa = PBXBuildFile; fileRef = A5A59D9F1D0BBDD8007D1D99 /* AppDelegate.swift */; };
		A5A59DA21D0BBDD8007D1D99 /* ViewController.swift in Sources */ = {isa = PBXBuildFile; fileRef = A5A59DA11D0BBDD8007D1D99 /* ViewController.swift */; };
		A5A59DA51D0BBDD8007D1D99 /* Main.storyboard in Resources */ = {isa = PBXBuildFile; fileRef = A5A59DA31D0BBDD8007D1D99 /* Main.storyboard */; };
		A5A59DA71D0BBDD8007D1D99 /* Assets.xcassets in Resources */ = {isa = PBXBuildFile; fileRef = A5A59DA61D0BBDD8007D1D99 /* Assets.xcassets */; };
		A5A59DAA1D0BBDD8007D1D99 /* LaunchScreen.storyboard in Resources */ = {isa = PBXBuildFile; fileRef = A5A59DA81D0BBDD8007D1D99 /* LaunchScreen.storyboard */; };
/* End PBXBuildFile section */

/* Begin PBXFileReference section */
		A5A59D9C1D0BBDD8007D1D99 /* SuperCool.app */ = {isa = PBXFileReference; explicitFileType = wrapper.application; includeInIndex = 0; path = SuperCool.app; sourceTree = BUILT_PRODUCTS_DIR; };
		A5A59D9F1D0BBDD8007D1D99 /* AppDelegate.swift */ = {isa = PBXFileReference; lastKnownFileType = sourcecode.swift; path = AppDelegate.swift; sourceTree = "<group>"; };
		A5A59DA11D0BBDD8007D1D99 /* ViewController.swift */ = {isa = PBXFileReference; lastKnownFileType = sourcecode.swift; path = ViewController.swift; sourceTree = "<group>"; };
		A5A59DA41D0BBDD8007D1D99 /* Base */ = {isa = PBXFileReference; lastKnownFileType = file.storyboard; name = Base; path = Base.lproj/Main.storyboard; sourceTree = "<group>"; };
		A5A59DA61D0BBDD8007D1D99 /* Assets.xcassets */ = {isa = PBXFileReference; lastKnownFileType = folder.assetcatalog; path = Assets.xcassets; sourceTree = "<group>"; };
		A5A59DA91D0BBDD8007D1D99 /* Base */ = {isa = PBXFileReference; lastKnownFileType = file.storyboard; name = Base; path = Base.lproj/LaunchScreen.storyboard; sourceTree = "<group>"; };
		A5A59DAB1D0BBDD8007D1D99 /* Info.plist */ = {isa = PBXFileReference; lastKnownFileType = text.plist.xml; path = Info.plist; sourceTree = "<group>"; };
/* End PBXFileReference section */

/* Begin PBXFrameworksBuildPhase section */
		A5A59D991D0BBDD7007D1D99 /* Frameworks */ = {
			isa = PBXFrameworksBuildPhase;
			buildActionMask = 2147483647;
			files = (
			);
			runOnlyForDeploymentPostprocessing = 0;
		};
/* End PBXFrameworksBuildPhase section */

/* Begin PBXGroup section */
		A5A59D931D0BBDD7007D1D99 = {
			isa = PBXGroup;
			children = (
				A5A59D9E1D0BBDD8007D1D99 /* SuperCool */,
				A5A59D9D1D0BBDD8007D1D99 /* Products */,
			);
			sourceTree = "<group>";
		};
		A5A59D9D1D0BBDD8007D1D99 /* Products */ = {
			isa = PBXGroup;
			children = (
				A5A59D9C1D0BBDD8007D1D99 /* SuperCool.app */,
			);
			name = Products;
			sourceTree = "<group>";
		};
		A5A59D9E1D0BBDD8007D1D99 /* SuperCool */ = {
			isa = PBXGroup;
			children = (
				A5A59D9F1D0BBDD8007D1D99 /* AppDelegate.swift */,
				A5A59DA11D0BBDD8007D1D99 /* ViewController.swift */,
				A5A59DA31D0BBDD8007D1D99 /* Main.storyboard */,
				A5A59DA61D0BBDD8007D1D99 /* Assets.xcassets */,
				A5A59DA81D0BBDD8007D1D99 /* LaunchScreen.storyboard */,
				A5A59DAB1D0BBDD8007D1D99 /* Info.plist */,
			);
			path = SuperCool;
			sourceTree = "<group>";
		};
/* End PBXGroup section */

/* Begin PBXNativeTarget section */
		A5A59D9B1D0BBDD7007D1D99 /* SuperCool */ = {
			isa = PBXNativeTarget;
			buildConfigurationList = A5A59DAE1D0BBDD8007D1D99 /* Build configuration list for PBXNativeTarget "SuperCool" */;
			buildPhases = (
				A5A59D981D0BBDD7007D1D99 /* Sources */,
				A5A59D991D0BBDD7007D1D99 /* Frameworks */,
				A5A59D9A1D0BBDD7007D1D99 /* Resources */,
			);
			buildRules = (
			);
			dependencies = (
			);
			name = SuperCool;
			productName = SuperCool;
			productReference = A5A59D9C1D0BBDD8007D1D99 /* SuperCool.app */;
			productType = "com.apple.product-type.application";
		};
/* End PBXNativeTarget section */

/* Begin PBXProject section */
		A5A59D941D0BBDD7007D1D99 /* Project object */ = {
			isa = PBXProject;
			attributes = {
				LastUpgradeCheck = 0700;
				ORGANIZATIONNAME = "Joseph Librero";
				TargetAttributes = {
					A5A59D9B1D0BBDD7007D1D99 = {
						CreatedOnToolsVersion = 7.0.1;
					};
				};
			};
			buildConfigurationList = A5A59D971D0BBDD7007D1D99 /* Build configuration list for PBXProject "SuperCool" */;
			compatibilityVersion = "Xcode 3.2";
			developmentRegion = English;
			hasScannedForEncodings = 0;
			knownRegions = (
				en,
				Base,
			);
			mainGroup = A5A59D931D0BBDD7007D1D99;
			productRefGroup = A5A59D9D1D0BBDD8007D1D99 /* Products */;
			projectDirPath = "";
			projectRoot = "";
			targets = (
				A5A59D9B1D0BBDD7007D1D99 /* SuperCool */,
			);
		};
/* End PBXProject section */

/* Begin PBXResourcesBuildPhase section */
		A5A59D9A1D0BBDD7007D1D99 /* Resources */ = {
			isa = PBXResourcesBuildPhase;
			buildActionMask = 2147483647;
			files = (
				A5A59DAA1D0BBDD8007D1D99 /* LaunchScreen.storyboard in Resources */,
				A5A59DA71D0BBDD8007D1D99 /* Assets.xcassets in Resources */,
				A5A59DA51D0BBDD8007D1D99 /* Main.storyboard in Resources */,
			);
			runOnlyForDeploymentPostprocessing = 0;
		};
/* End PBXResourcesBuildPhase section */

/* Begin PBXSourcesBuildPhase section */
		A5A59D981D0BBDD7007D1D99 /* Sources */ = {
			isa = PBXSourcesBuildPhase;
			buildActionMask = 2147483647;
			files = (
				A5A59DA21D0BBDD8007D1D99 /* ViewController.swift in Sources */,
				A5A59DA01D0BBDD8007D1D99 /* AppDelegate.swift in Sources */,
			);
			runOnlyForDeploymentPostprocessing = 0;
		};
/* End PBXSourcesBuildPhase section */

/* Begin PBXVariantGroup section */
		A5A59DA31D0BBDD8007D1D99 /* Main.storyboard */ = {
			isa = PBXVariantGroup;
			children = (
				A5A59DA41D0BBDD8007D1D99 /* Base */,
			);
			name = Main.storyboard;
			sourceTree = "<group>";
		};
		A5A59DA81D0BBDD8007D1D99 /* LaunchScreen.storyboard */ = {
			isa = PBXVariantGroup;
			children = (
				A5A59DA91D0BBDD8007D1D99 /* Base */,
			);
			name = LaunchScreen.storyboard;
			sourceTree = "<group>";
		};
/* End PBXVariantGroup section */

/* Begin XCBuildConfiguration section */
		A5A59DAC1D0BBDD8007D1D99 /* Debug */ = {
			isa = XCBuildConfiguration;
			buildSettings = {
				ALWAYS_SEARCH_USER_PATHS = NO;
				CLANG_CXX_LANGUAGE_STANDARD = "gnu++0x";
				CLANG_CXX_LIBRARY = "libc++";
				CLANG_ENABLE_MODULES = YES;
				CLANG_ENABLE_OBJC_ARC = YES;
				CLANG_WARN_BOOL_CONVERSION = YES;
				CLANG_WARN_CONSTANT_CONVERSION = YES;
				CLANG_WARN_DIRECT_OBJC_ISA_USAGE = YES_ERROR;
				CLANG_WARN_EMPTY_BODY = YES;
				CLANG_WARN_ENUM_CONVERSION = YES;
				CLANG_WARN_INT_CONVERSION = YES;
				CLANG_WARN_OBJC_ROOT_CLASS = YES_ERROR;
				CLANG_WARN_UNREACHABLE_CODE = YES;
				CLANG_WARN__DUPLICATE_METHOD_MATCH = YES;
				"CODE_SIGN_IDENTITY[sdk=iphoneos*]" = "iPhone Developer";
				COPY_PHASE_STRIP = NO;
				DEBUG_INFORMATION_FORMAT = dwarf;
				ENABLE_STRICT_OBJC_MSGSEND = YES;
				ENABLE_TESTABILITY = YES;
				GCC_C_LANGUAGE_STANDARD = gnu99;
				GCC_DYNAMIC_NO_PIC = NO;
				GCC_NO_COMMON_BLOCKS = YES;
				GCC_OPTIMIZATION_LEVEL = 0;
				GCC_PREPROCESSOR_DEFINITIONS = (
					"DEBUG=1",
					"$(inherited)",
				);
				GCC_WARN_64_TO_32_BIT_CONVERSION = YES;
				GCC_WARN_ABOUT_RETURN_TYPE = YES_ERROR;
				GCC_WARN_UNDECLARED_SELECTOR = YES;
				GCC_WARN_UNINITIALIZED_AUTOS = YES_AGGRESSIVE;
				GCC_WARN_UNUSED_FUNCTION = YES;
				GCC_WARN_UNUSED_VARIABLE = YES;
				IPHONEOS_DEPLOYMENT_TARGET = 9.0;
				MTL_ENABLE_DEBUG_INFO = YES;
				ONLY_ACTIVE_ARCH = YES;
				SDKROOT = iphoneos;
				SWIFT_OPTIMIZATION_LEVEL = "-Onone";
			};
			name = Debug;
		};
		A5A59DAD1D0BBDD8007D1D99 /* Release */ = {
			isa = XCBuildConfiguration;
			buildSettings = {
				ALWAYS_SEARCH_USER_PATHS = NO;
				CLANG_CXX_LANGUAGE_STANDARD = "gnu++0x";
				CLANG_CXX_LIBRARY = "libc++";
				CLANG_ENABLE_MODULES = YES;
				CLANG_ENABLE_OBJC_ARC = YES;
				CLANG_WARN_BOOL_CONVERSION = YES;
				CLANG_WARN_CONSTANT_CONVERSION = YES;
				CLANG_WARN_DIRECT_OBJC_ISA_USAGE = YES_ERROR;
				CLANG_WARN_EMPTY_BODY = YES;
				CLANG_WARN_ENUM_CONVERSION = YES;
				CLANG_WARN_INT_CONVERSION = YES;
				CLANG_WARN_OBJC_ROOT_CLASS = YES_ERROR;
				CLANG_WARN_UNREACHABLE_CODE = YES;
				CLANG_WARN__DUPLICATE_METHOD_MATCH = YES;
				"CODE_SIGN_IDENTITY[sdk=iphoneos*]" = "iPhone Developer";
				COPY_PHASE_STRIP = NO;
				DEBUG_INFORMATION_FORMAT = "dwarf-with-dsym";
				ENABLE_NS_ASSERTIONS = NO;
				ENABLE_STRICT_OBJC_MSGSEND = YES;
				GCC_C_LANGUAGE_STANDARD = gnu99;
				GCC_NO_COMMON_BLOCKS = YES;
				GCC_WARN_64_TO_32_BIT_CONVERSION = YES;
				GCC_WARN_ABOUT_RETURN_TYPE = YES_ERROR;
				GCC_WARN_UNDECLARED_SELECTOR = YES;
				GCC_WARN_UNINITIALIZED_AUTOS = YES_AGGRESSIVE;
				GCC_WARN_UNUSED_FUNCTION = YES;
				GCC_WARN_UNUSED_VARIABLE = YES;
				IPHONEOS_DEPLOYMENT_TARGET = 9.0;
				MTL_ENABLE_DEBUG_INFO = NO;
				SDKROOT = iphoneos;
				VALIDATE_PRODUCT = YES;
			};
			name = Release;
		};
		A5A59DAF1D0BBDD8007D1D99 /* Debug */ = {
			isa = XCBuildConfiguration;
			buildSettings = {
				ASSETCATALOG_COMPILER_APPICON_NAME = AppIcon;
				INFOPLIST_FILE = SuperCool/Info.plist;
				LD_RUNPATH_SEARCH_PATHS = "$(inherited) @executable_path/Frameworks";
				PRODUCT_BUNDLE_IDENTIFIER = com.josephlibrero.SuperCool;
				PRODUCT_NAME = "$(TARGET_NAME)";
			};
			name = Debug;
		};
		A5A59DB01D0BBDD8007D1D99 /* Release */ = {
			isa = XCBuildConfiguration;
			buildSettings = {
				ASSETCATALOG_COMPILER_APPICON_NAME = AppIcon;
				INFOPLIST_FILE = SuperCool/Info.plist;
				LD_RUNPATH_SEARCH_PATHS = "$(inherited) @executable_path/Frameworks";
				PRODUCT_BUNDLE_IDENTIFIER = com.josephlibrero.SuperCool;
				PRODUCT_NAME = "$(TARGET_NAME)";
			};
			name = Release;
		};
/* End XCBuildConfiguration section */

/* Begin XCConfigurationList section */
		A5A59D971D0BBDD7007D1D99 /* Build configuration list for PBXProject "SuperCool" */ = {
			isa = XCConfigurationList;
			buildConfigurations = (
				A5A59DAC1D0BBDD8007D1D99 /* Debug */,
				A5A59DAD1D0BBDD8007D1D99 /* Release */,
			);
			defaultConfigurationIsVisible = 0;
			defaultConfigurationName = Release;
		};
		A5A59DAE1D0BBDD8007D1D99 /* Build configuration list for PBXNativeTarget "SuperCool" */ = {
			isa = XCConfigurationList;
			buildConfigurations = (
				A5A59DAF1D0BBDD8007D1D99 /* Debug */,
				A5A59DB01D0BBDD8007D1D99 /* Release */,
			);
			defaultConfigurationIsVisible = 0;
		};
/* End XCConfigurationList section */
	};
	rootObject = A5A59D941D0BBDD7007D1D99 /* Project object */;
}
